
Microsoft Visual Studio Solution File, Format Version 12.00
# Visual Studio Version 17
VisualStudioVersion = 17.6.33815.320
MinimumVisualStudioVersion = 10.0.40219.1
Project("{FAE04EC0-301F-11D3-BF4B-00C04F79EFBC}") = "SudokuSolver", "SudokuSolver\SudokuSolver.csproj", "{D51EED0E-614C-4BEF-A94B-BDF266C03811}"
EndProject
Global
	GlobalSection(SolutionConfigurationPlatforms) = preSolution
		Debug|Any CPU = Debug|Any CPU
		Release|Any CPU = Release|Any CPU
	EndGlobalSection
	GlobalSection(ProjectConfigurationPlatforms) = postSolution
		{D51EED0E-614C-4BEF-A94B-BDF266C03811}.Debug|Any CPU.ActiveCfg = Debug|Any CPU
		{D51EED0E-614C-4BEF-A94B-BDF266C03811}.Debug|Any CPU.Build.0 = Debug|Any CPU
		{D51EED0E-614C-4BEF-A94B-BDF266C03811}.Release|Any CPU.ActiveCfg = Release|Any CPU
		{D51EED0E-614C-4BEF-A94B-BDF266C03811}.Release|Any CPU.Build.0 = Release|Any CPU
	EndGlobalSection
	GlobalSection(SolutionProperties) = preSolution
		HideSolutionNode = FALSE
	EndGlobalSection
	GlobalSection(ExtensibilityGlobals) = postSolution
		SolutionGuid = {92C2CFE2-EC56-43EB-A822-93C916DFC20B}
	EndGlobalSection
EndGlobal
